
Microsoft Visual Studio Solution File, Format Version 12.00
# Visual Studio Version 17
VisualStudioVersion = 17.14.36705.20
MinimumVisualStudioVersion = 10.0.40219.1
Project("{FAE04EC0-301F-11D3-BF4B-00C04F79EFBC}") = "DataContainers", "DataContainers\DataContainers.csproj", "{F0FEB0AA-FC34-4E79-BEB3-2C8095138B51}"
EndProject
Project("{8BC9CEB8-8B4A-11D0-8D11-00A0C91BC942}") = "ForwardList", "ForwardList\ForwardList.vcxproj", "{A83C50B2-B2F6-427D-A7AE-1D8599E71329}"
EndProject
Project("{8BC9CEB8-8B4A-11D0-8D11-00A0C91BC942}") = "list2", "list2\list2.vcxproj", "{68B16446-312E-4393-ACFA-F7EAC18BDE0E}"
EndProject
Global
	GlobalSection(SolutionConfigurationPlatforms) = preSolution
		Debug|Any CPU = Debug|Any CPU
		Debug|x64 = Debug|x64
		Debug|x86 = Debug|x86
		Release|Any CPU = Release|Any CPU
		Release|x64 = Release|x64
		Release|x86 = Release|x86
	EndGlobalSection
	GlobalSection(ProjectConfigurationPlatforms) = postSolution
		{F0FEB0AA-FC34-4E79-BEB3-2C8095138B51}.Debug|Any CPU.ActiveCfg = Debug|Any CPU
		{F0FEB0AA-FC34-4E79-BEB3-2C8095138B51}.Debug|Any CPU.Build.0 = Debug|Any CPU
		{F0FEB0AA-FC34-4E79-BEB3-2C8095138B51}.Debug|x64.ActiveCfg = Debug|Any CPU
		{F0FEB0AA-FC34-4E79-BEB3-2C8095138B51}.Debug|x64.Build.0 = Debug|Any CPU
		{F0FEB0AA-FC34-4E79-BEB3-2C8095138B51}.Debug|x86.ActiveCfg = Debug|Any CPU
		{F0FEB0AA-FC34-4E79-BEB3-2C8095138B51}.Debug|x86.Build.0 = Debug|Any CPU
		{F0FEB0AA-FC34-4E79-BEB3-2C8095138B51}.Release|Any CPU.ActiveCfg = Release|Any CPU
		{F0FEB0AA-FC34-4E79-BEB3-2C8095138B51}.Release|Any CPU.Build.0 = Release|Any CPU
		{F0FEB0AA-FC34-4E79-BEB3-2C8095138B51}.Release|x64.ActiveCfg = Release|Any CPU
		{F0FEB0AA-FC34-4E79-BEB3-2C8095138B51}.Release|x64.Build.0 = Release|Any CPU
		{F0FEB0AA-FC34-4E79-BEB3-2C8095138B51}.Release|x86.ActiveCfg = Release|Any CPU
		{F0FEB0AA-FC34-4E79-BEB3-2C8095138B51}.Release|x86.Build.0 = Release|Any CPU
		{A83C50B2-B2F6-427D-A7AE-1D8599E71329}.Debug|Any CPU.ActiveCfg = Debug|x64
		{A83C50B2-B2F6-427D-A7AE-1D8599E71329}.Debug|Any CPU.Build.0 = Debug|x64
		{A83C50B2-B2F6-427D-A7AE-1D8599E71329}.Debug|x64.ActiveCfg = Debug|x64
		{A83C50B2-B2F6-427D-A7AE-1D8599E71329}.Debug|x64.Build.0 = Debug|x64
		{A83C50B2-B2F6-427D-A7AE-1D8599E71329}.Debug|x86.ActiveCfg = Debug|Win32
		{A83C50B2-B2F6-427D-A7AE-1D8599E71329}.Debug|x86.Build.0 = Debug|Win32
		{A83C50B2-B2F6-427D-A7AE-1D8599E71329}.Release|Any CPU.ActiveCfg = Release|x64
		{A83C50B2-B2F6-427D-A7AE-1D8599E71329}.Release|Any CPU.Build.0 = Release|x64
		{A83C50B2-B2F6-427D-A7AE-1D8599E71329}.Release|x64.ActiveCfg = Release|x64
		{A83C50B2-B2F6-427D-A7AE-1D8599E71329}.Release|x64.Build.0 = Release|x64
		{A83C50B2-B2F6-427D-A7AE-1D8599E71329}.Release|x86.ActiveCfg = Release|Win32
		{A83C50B2-B2F6-427D-A7AE-1D8599E71329}.Release|x86.Build.0 = Release|Win32
		{68B16446-312E-4393-ACFA-F7EAC18BDE0E}.Debug|Any CPU.ActiveCfg = Debug|x64
		{68B16446-312E-4393-ACFA-F7EAC18BDE0E}.Debug|Any CPU.Build.0 = Debug|x64
		{68B16446-312E-4393-ACFA-F7EAC18BDE0E}.Debug|x64.ActiveCfg = Debug|x64
		{68B16446-312E-4393-ACFA-F7EAC18BDE0E}.Debug|x64.Build.0 = Debug|x64
		{68B16446-312E-4393-ACFA-F7EAC18BDE0E}.Debug|x86.ActiveCfg = Debug|Win32
		{68B16446-312E-4393-ACFA-F7EAC18BDE0E}.Debug|x86.Build.0 = Debug|Win32
		{68B16446-312E-4393-ACFA-F7EAC18BDE0E}.Release|Any CPU.ActiveCfg = Release|x64
		{68B16446-312E-4393-ACFA-F7EAC18BDE0E}.Release|Any CPU.Build.0 = Release|x64
		{68B16446-312E-4393-ACFA-F7EAC18BDE0E}.Release|x64.ActiveCfg = Release|x64
		{68B16446-312E-4393-ACFA-F7EAC18BDE0E}.Release|x64.Build.0 = Release|x64
		{68B16446-312E-4393-ACFA-F7EAC18BDE0E}.Release|x86.ActiveCfg = Release|Win32
		{68B16446-312E-4393-ACFA-F7EAC18BDE0E}.Release|x86.Build.0 = Release|Win32
	EndGlobalSection
	GlobalSection(SolutionProperties) = preSolution
		HideSolutionNode = FALSE
	EndGlobalSection
	GlobalSection(ExtensibilityGlobals) = postSolution
		SolutionGuid = {3B22F4F3-47F0-46CA-8CDA-3E4B9CB65244}
	EndGlobalSection
EndGlobal
